
Microsoft Visual Studio Solution File, Format Version 12.00
# Visual Studio Version 17
VisualStudioVersion = 17.2.32505.173
MinimumVisualStudioVersion = 10.0.40219.1
Project("{9A19103F-16F7-4668-BE54-9A1E7A4F7556}") = "ESys.Db", "ESys.Db\ESys.Db.csproj", "{08017004-BB82-44B7-8FA3-21C317BEA56A}"
EndProject
Project("{9A19103F-16F7-4668-BE54-9A1E7A4F7556}") = "ESys.App", "ESys.App\ESys.App.csproj", "{36DC564A-540B-4FAD-9855-DB430486FA20}"
	ProjectSection(ProjectDependencies) = postProject
		{677F7BF4-3C5C-42BA-85F3-07C7FB9A66C2} = {677F7BF4-3C5C-42BA-85F3-07C7FB9A66C2}
		{6A8781B0-164E-4E5F-B428-DF3FEC419979} = {6A8781B0-164E-4E5F-B428-DF3FEC419979}
		{7CCDF267-829A-4174-974F-D53A0F9377C1} = {7CCDF267-829A-4174-974F-D53A0F9377C1}
		{8C289A50-6E6C-415C-9FA0-A135142AC86A} = {8C289A50-6E6C-415C-9FA0-A135142AC86A}
		{9B215019-1180-4B30-A17B-B7442DE61D1A} = {9B215019-1180-4B30-A17B-B7442DE61D1A}
		{EB7F8275-C066-4F92-B161-C5FCD90E775C} = {EB7F8275-C066-4F92-B161-C5FCD90E775C}
		{F8ABE993-E21E-417C-9AB5-410EAA1C5E5A} = {F8ABE993-E21E-417C-9AB5-410EAA1C5E5A}
	EndProjectSection
EndProject
Project("{9A19103F-16F7-4668-BE54-9A1E7A4F7556}") = "ESys.Security", "ESys.Security\ESys.Security.csproj", "{5071328A-814A-443F-A917-C063BC97DB2B}"
EndProject
Project("{9A19103F-16F7-4668-BE54-9A1E7A4F7556}") = "ESys.Utilty", "ESys.Utilty\ESys.Utilty.csproj", "{EB7F8275-C066-4F92-B161-C5FCD90E775C}"
EndProject
Project("{9A19103F-16F7-4668-BE54-9A1E7A4F7556}") = "ESys.Management", "ESys.Management\ESys.Management.csproj", "{F8ABE993-E21E-417C-9AB5-410EAA1C5E5A}"
EndProject
Project("{9A19103F-16F7-4668-BE54-9A1E7A4F7556}") = "ESys.Contract", "ESys.Contract\ESys.Contract.csproj", "{9B215019-1180-4B30-A17B-B7442DE61D1A}"
EndProject
Project("{2150E333-8FDC-42A3-9474-1A3956D46DE8}") = "Solution Items", "Solution Items", "{7F31B33B-AFDB-4A84-A0C4-D7C8790DB034}"
	ProjectSection(SolutionItems) = preProject
		.editorconfig = .editorconfig
	EndProjectSection
EndProject
Project("{9A19103F-16F7-4668-BE54-9A1E7A4F7556}") = "ESys.Infrastructure", "ESys.Infrastructure\ESys.Infrastructure.csproj", "{7CCDF267-829A-4174-974F-D53A0F9377C1}"
EndProject
Project("{9A19103F-16F7-4668-BE54-9A1E7A4F7556}") = "EntityViewGenerator", "EntityViewGenerator\EntityViewGenerator.csproj", "{8F3A39DE-D567-4090-88D7-C59AA576314A}"
EndProject
Project("{9A19103F-16F7-4668-BE54-9A1E7A4F7556}") = "ESys.Db.MySQL", "ESys.Db.MySQL\ESys.Db.MySQL.csproj", "{6A8781B0-164E-4E5F-B428-DF3FEC419979}"
EndProject
Project("{9A19103F-16F7-4668-BE54-9A1E7A4F7556}") = "ESys.Db.SqlServer", "ESys.Db.SqlServer\ESys.Db.SqlServer.csproj", "{677F7BF4-3C5C-42BA-85F3-07C7FB9A66C2}"
EndProject
Project("{2150E333-8FDC-42A3-9474-1A3956D46DE8}") = "00_Generator", "00_Generator", "{367A0786-A77E-4FB3-B832-A6BA15F483ED}"
EndProject
Project("{2150E333-8FDC-42A3-9474-1A3956D46DE8}") = "02_Db", "02_Db", "{2B1395E8-8F07-4310-8108-5F65470C24D7}"
EndProject
Project("{2150E333-8FDC-42A3-9474-1A3956D46DE8}") = "04_Modules", "04_Modules", "{924A4BF5-A0F5-4C00-9E59-36E979D5933D}"
EndProject
Project("{2150E333-8FDC-42A3-9474-1A3956D46DE8}") = "06_Misc", "06_Misc", "{E625C312-AA67-4DE1-B1CC-974EAB4D3672}"
EndProject
Project("{2150E333-8FDC-42A3-9474-1A3956D46DE8}") = "05_Server", "05_Server", "{7ADE96D4-67A0-4C26-8E1E-FA979AA17BBB}"
EndProject
Project("{2150E333-8FDC-42A3-9474-1A3956D46DE8}") = "01_Contract", "01_Contract", "{62A8AA9B-90BE-43D2-9752-C0A525209435}"
EndProject
Project("{2150E333-8FDC-42A3-9474-1A3956D46DE8}") = "03_Utilities", "03_Utilities", "{6579C119-5029-4B41-934D-8B7A5DD185DE}"
EndProject
Project("{2150E333-8FDC-42A3-9474-1A3956D46DE8}") = "10_Client", "10_Client", "{73D07AE8-7CAE-4CAE-B77B-8CAE169643FE}"
EndProject
Project("{9A19103F-16F7-4668-BE54-9A1E7A4F7556}") = "ESys.System", "ESys.System\ESys.System.csproj", "{8C289A50-6E6C-415C-9FA0-A135142AC86A}"
EndProject
Project("{2150E333-8FDC-42A3-9474-1A3956D46DE8}") = "20_Test", "20_Test", "{3241B130-60D9-4E35-BC38-BE286D3CBA3C}"
EndProject
Project("{9A19103F-16F7-4668-BE54-9A1E7A4F7556}") = "DataAnnotations", "DataAnnotations\DataAnnotations.csproj", "{9F35F461-E241-412A-993C-C1B87235A75B}"
EndProject
Project("{9A19103F-16F7-4668-BE54-9A1E7A4F7556}") = "DataGenerator", "DataGenerator\DataGenerator.csproj", "{AE09E0B3-5A0F-487F-A5DC-A0845C9B5859}"
EndProject
Project("{9A19103F-16F7-4668-BE54-9A1E7A4F7556}") = "ESys.Db.SQLite", "ESys.Db.SQLite\ESys.Db.SQLite.csproj", "{B0DD3F9B-D34A-43A5-B7BE-412279B4A2A2}"
EndProject
Project("{FAE04EC0-301F-11D3-BF4B-00C04F79EFBC}") = "ESys.Db.PostgreSQL", "ESys.Db.PostgreSQL\ESys.Db.PostgreSQL.csproj", "{178D248C-A5EB-4C65-A9A7-50780313170F}"
EndProject
Global
	GlobalSection(SolutionConfigurationPlatforms) = preSolution
		Debug|Any CPU = Debug|Any CPU
		Release|Any CPU = Release|Any CPU
	EndGlobalSection
	GlobalSection(ProjectConfigurationPlatforms) = postSolution
		{08017004-BB82-44B7-8FA3-21C317BEA56A}.Debug|Any CPU.ActiveCfg = Debug|Any CPU
		{08017004-BB82-44B7-8FA3-21C317BEA56A}.Debug|Any CPU.Build.0 = Debug|Any CPU
		{08017004-BB82-44B7-8FA3-21C317BEA56A}.Release|Any CPU.ActiveCfg = Release|Any CPU
		{08017004-BB82-44B7-8FA3-21C317BEA56A}.Release|Any CPU.Build.0 = Release|Any CPU
		{36DC564A-540B-4FAD-9855-DB430486FA20}.Debug|Any CPU.ActiveCfg = Debug|Any CPU
		{36DC564A-540B-4FAD-9855-DB430486FA20}.Debug|Any CPU.Build.0 = Debug|Any CPU
		{36DC564A-540B-4FAD-9855-DB430486FA20}.Release|Any CPU.ActiveCfg = Release|Any CPU
		{36DC564A-540B-4FAD-9855-DB430486FA20}.Release|Any CPU.Build.0 = Release|Any CPU
		{5071328A-814A-443F-A917-C063BC97DB2B}.Debug|Any CPU.ActiveCfg = Debug|Any CPU
		{5071328A-814A-443F-A917-C063BC97DB2B}.Debug|Any CPU.Build.0 = Debug|Any CPU
		{5071328A-814A-443F-A917-C063BC97DB2B}.Release|Any CPU.ActiveCfg = Release|Any CPU
		{5071328A-814A-443F-A917-C063BC97DB2B}.Release|Any CPU.Build.0 = Release|Any CPU
		{EB7F8275-C066-4F92-B161-C5FCD90E775C}.Debug|Any CPU.ActiveCfg = Debug|Any CPU
		{EB7F8275-C066-4F92-B161-C5FCD90E775C}.Debug|Any CPU.Build.0 = Debug|Any CPU
		{EB7F8275-C066-4F92-B161-C5FCD90E775C}.Release|Any CPU.ActiveCfg = Release|Any CPU
		{EB7F8275-C066-4F92-B161-C5FCD90E775C}.Release|Any CPU.Build.0 = Release|Any CPU
		{F8ABE993-E21E-417C-9AB5-410EAA1C5E5A}.Debug|Any CPU.ActiveCfg = Debug|Any CPU
		{F8ABE993-E21E-417C-9AB5-410EAA1C5E5A}.Debug|Any CPU.Build.0 = Debug|Any CPU
		{F8ABE993-E21E-417C-9AB5-410EAA1C5E5A}.Release|Any CPU.ActiveCfg = Release|Any CPU
		{F8ABE993-E21E-417C-9AB5-410EAA1C5E5A}.Release|Any CPU.Build.0 = Release|Any CPU
		{9B215019-1180-4B30-A17B-B7442DE61D1A}.Debug|Any CPU.ActiveCfg = Debug|Any CPU
		{9B215019-1180-4B30-A17B-B7442DE61D1A}.Debug|Any CPU.Build.0 = Debug|Any CPU
		{9B215019-1180-4B30-A17B-B7442DE61D1A}.Release|Any CPU.ActiveCfg = Release|Any CPU
		{9B215019-1180-4B30-A17B-B7442DE61D1A}.Release|Any CPU.Build.0 = Release|Any CPU
		{7CCDF267-829A-4174-974F-D53A0F9377C1}.Debug|Any CPU.ActiveCfg = Debug|Any CPU
		{7CCDF267-829A-4174-974F-D53A0F9377C1}.Debug|Any CPU.Build.0 = Debug|Any CPU
		{7CCDF267-829A-4174-974F-D53A0F9377C1}.Release|Any CPU.ActiveCfg = Release|Any CPU
		{7CCDF267-829A-4174-974F-D53A0F9377C1}.Release|Any CPU.Build.0 = Release|Any CPU
		{8F3A39DE-D567-4090-88D7-C59AA576314A}.Debug|Any CPU.ActiveCfg = Debug|Any CPU
		{8F3A39DE-D567-4090-88D7-C59AA576314A}.Debug|Any CPU.Build.0 = Debug|Any CPU
		{8F3A39DE-D567-4090-88D7-C59AA576314A}.Release|Any CPU.ActiveCfg = Release|Any CPU
		{6A8781B0-164E-4E5F-B428-DF3FEC419979}.Debug|Any CPU.ActiveCfg = Debug|Any CPU
		{6A8781B0-164E-4E5F-B428-DF3FEC419979}.Debug|Any CPU.Build.0 = Debug|Any CPU
		{6A8781B0-164E-4E5F-B428-DF3FEC419979}.Release|Any CPU.ActiveCfg = Release|Any CPU
		{6A8781B0-164E-4E5F-B428-DF3FEC419979}.Release|Any CPU.Build.0 = Release|Any CPU
		{677F7BF4-3C5C-42BA-85F3-07C7FB9A66C2}.Debug|Any CPU.ActiveCfg = Debug|Any CPU
		{677F7BF4-3C5C-42BA-85F3-07C7FB9A66C2}.Debug|Any CPU.Build.0 = Debug|Any CPU
		{677F7BF4-3C5C-42BA-85F3-07C7FB9A66C2}.Release|Any CPU.ActiveCfg = Release|Any CPU
		{677F7BF4-3C5C-42BA-85F3-07C7FB9A66C2}.Release|Any CPU.Build.0 = Release|Any CPU
		{8C289A50-6E6C-415C-9FA0-A135142AC86A}.Debug|Any CPU.ActiveCfg = Debug|Any CPU
		{8C289A50-6E6C-415C-9FA0-A135142AC86A}.Debug|Any CPU.Build.0 = Debug|Any CPU
		{8C289A50-6E6C-415C-9FA0-A135142AC86A}.Release|Any CPU.ActiveCfg = Release|Any CPU
		{8C289A50-6E6C-415C-9FA0-A135142AC86A}.Release|Any CPU.Build.0 = Release|Any CPU
		{9F35F461-E241-412A-993C-C1B87235A75B}.Debug|Any CPU.ActiveCfg = Debug|Any CPU
		{9F35F461-E241-412A-993C-C1B87235A75B}.Debug|Any CPU.Build.0 = Debug|Any CPU
		{9F35F461-E241-412A-993C-C1B87235A75B}.Release|Any CPU.ActiveCfg = Release|Any CPU
		{9F35F461-E241-412A-993C-C1B87235A75B}.Release|Any CPU.Build.0 = Release|Any CPU
		{AE09E0B3-5A0F-487F-A5DC-A0845C9B5859}.Debug|Any CPU.ActiveCfg = Debug|Any CPU
		{AE09E0B3-5A0F-487F-A5DC-A0845C9B5859}.Debug|Any CPU.Build.0 = Debug|Any CPU
		{AE09E0B3-5A0F-487F-A5DC-A0845C9B5859}.Release|Any CPU.ActiveCfg = Release|Any CPU
		{AE09E0B3-5A0F-487F-A5DC-A0845C9B5859}.Release|Any CPU.Build.0 = Release|Any CPU
		{B0DD3F9B-D34A-43A5-B7BE-412279B4A2A2}.Debug|Any CPU.ActiveCfg = Debug|Any CPU
		{B0DD3F9B-D34A-43A5-B7BE-412279B4A2A2}.Debug|Any CPU.Build.0 = Debug|Any CPU
		{B0DD3F9B-D34A-43A5-B7BE-412279B4A2A2}.Release|Any CPU.ActiveCfg = Release|Any CPU
		{B0DD3F9B-D34A-43A5-B7BE-412279B4A2A2}.Release|Any CPU.Build.0 = Release|Any CPU
		{178D248C-A5EB-4C65-A9A7-50780313170F}.Debug|Any CPU.ActiveCfg = Debug|Any CPU
		{178D248C-A5EB-4C65-A9A7-50780313170F}.Debug|Any CPU.Build.0 = Debug|Any CPU
		{178D248C-A5EB-4C65-A9A7-50780313170F}.Release|Any CPU.ActiveCfg = Release|Any CPU
		{178D248C-A5EB-4C65-A9A7-50780313170F}.Release|Any CPU.Build.0 = Release|Any CPU
	EndGlobalSection
	GlobalSection(SolutionProperties) = preSolution
		HideSolutionNode = FALSE
	EndGlobalSection
	GlobalSection(NestedProjects) = preSolution
		{08017004-BB82-44B7-8FA3-21C317BEA56A} = {2B1395E8-8F07-4310-8108-5F65470C24D7}
		{36DC564A-540B-4FAD-9855-DB430486FA20} = {7ADE96D4-67A0-4C26-8E1E-FA979AA17BBB}
		{5071328A-814A-443F-A917-C063BC97DB2B} = {924A4BF5-A0F5-4C00-9E59-36E979D5933D}
		{EB7F8275-C066-4F92-B161-C5FCD90E775C} = {6579C119-5029-4B41-934D-8B7A5DD185DE}
		{F8ABE993-E21E-417C-9AB5-410EAA1C5E5A} = {924A4BF5-A0F5-4C00-9E59-36E979D5933D}
		{9B215019-1180-4B30-A17B-B7442DE61D1A} = {62A8AA9B-90BE-43D2-9752-C0A525209435}
		{7CCDF267-829A-4174-974F-D53A0F9377C1} = {924A4BF5-A0F5-4C00-9E59-36E979D5933D}
		{8F3A39DE-D567-4090-88D7-C59AA576314A} = {E625C312-AA67-4DE1-B1CC-974EAB4D3672}
		{6A8781B0-164E-4E5F-B428-DF3FEC419979} = {2B1395E8-8F07-4310-8108-5F65470C24D7}
		{677F7BF4-3C5C-42BA-85F3-07C7FB9A66C2} = {2B1395E8-8F07-4310-8108-5F65470C24D7}
		{8C289A50-6E6C-415C-9FA0-A135142AC86A} = {924A4BF5-A0F5-4C00-9E59-36E979D5933D}
		{9F35F461-E241-412A-993C-C1B87235A75B} = {367A0786-A77E-4FB3-B832-A6BA15F483ED}
		{AE09E0B3-5A0F-487F-A5DC-A0845C9B5859} = {367A0786-A77E-4FB3-B832-A6BA15F483ED}
		{B0DD3F9B-D34A-43A5-B7BE-412279B4A2A2} = {2B1395E8-8F07-4310-8108-5F65470C24D7}
		{178D248C-A5EB-4C65-A9A7-50780313170F} = {2B1395E8-8F07-4310-8108-5F65470C24D7}
	EndGlobalSection
	GlobalSection(ExtensibilityGlobals) = postSolution
		SolutionGuid = {00910762-FB11-4A88-8E0B-426E8F07DAE9}
	EndGlobalSection
EndGlobal
